
Microsoft Visual Studio Solution File, Format Version 12.00
# Visual Studio Version 17
VisualStudioVersion = 17.5.33414.496
MinimumVisualStudioVersion = 10.0.40219.1
Project("{FAE04EC0-301F-11D3-BF4B-00C04F79EFBC}") = "BankOCR", "BankOCR\BankOCR.csproj", "{C9005064-8FF8-481B-B2F2-9A45D8FEC37D}"
EndProject
Project("{FAE04EC0-301F-11D3-BF4B-00C04F79EFBC}") = "BankOCRTest", "BankOCRTest\BankOCRTest.csproj", "{B40D299F-A3BD-4429-8EFA-0E496CBDB3A6}"
EndProject
Global
	GlobalSection(SolutionConfigurationPlatforms) = preSolution
		Debug|Any CPU = Debug|Any CPU
		Release|Any CPU = Release|Any CPU
	EndGlobalSection
	GlobalSection(ProjectConfigurationPlatforms) = postSolution
		{C9005064-8FF8-481B-B2F2-9A45D8FEC37D}.Debug|Any CPU.ActiveCfg = Debug|Any CPU
		{C9005064-8FF8-481B-B2F2-9A45D8FEC37D}.Debug|Any CPU.Build.0 = Debug|Any CPU
		{C9005064-8FF8-481B-B2F2-9A45D8FEC37D}.Release|Any CPU.ActiveCfg = Release|Any CPU
		{C9005064-8FF8-481B-B2F2-9A45D8FEC37D}.Release|Any CPU.Build.0 = Release|Any CPU
		{B40D299F-A3BD-4429-8EFA-0E496CBDB3A6}.Debug|Any CPU.ActiveCfg = Debug|Any CPU
		{B40D299F-A3BD-4429-8EFA-0E496CBDB3A6}.Debug|Any CPU.Build.0 = Debug|Any CPU
		{B40D299F-A3BD-4429-8EFA-0E496CBDB3A6}.Release|Any CPU.ActiveCfg = Release|Any CPU
		{B40D299F-A3BD-4429-8EFA-0E496CBDB3A6}.Release|Any CPU.Build.0 = Release|Any CPU
	EndGlobalSection
	GlobalSection(SolutionProperties) = preSolution
		HideSolutionNode = FALSE
	EndGlobalSection
	GlobalSection(ExtensibilityGlobals) = postSolution
		SolutionGuid = {5C8FC048-28B8-4062-A88D-3037F8F7200B}
	EndGlobalSection
EndGlobal
